{
  "name": "sol-compiler",
  "version": "0.0.1alpha",
  "lockfileVersion": 1,
  "requires": true,
  "dependencies": {
    "gelex": {
      "version": "0.0.3",
      "resolved": "https://registry.npmjs.org/gelex/-/gelex-0.0.3.tgz",
      "integrity": "sha512-3ozme4UVWKxOqaIL+TMr5k2stIbfPaXcbKPrtQ+9tSTeH76BHx7hC8uOPZ9/EVr+J6Lhm9wyweNcUvvzLHbz4w=="
    }
  }
}
